// !$*UTF8*$!
{
	archiveVersion = 1;
	classes = {
	};
	objectVersion = 56;
	objects = {

/* Begin PBXBuildFile section */
		A1182E182B5D03C500824782 /* AppDelegate.swift in Sources */ = {isa = PBXBuildFile; fileRef = A1182E172B5D03C500824782 /* AppDelegate.swift */; };
		A1182E1A2B5D03C500824782 /* SceneDelegate.swift in Sources */ = {isa = PBXBuildFile; fileRef = A1182E192B5D03C500824782 /* SceneDelegate.swift */; };
		A1182E222B5D03C500824782 /* ContactsApp.xcdatamodeld in Sources */ = {isa = PBXBuildFile; fileRef = A1182E202B5D03C500824782 /* ContactsApp.xcdatamodeld */; };
		A1182E242B5D03C700824782 /* Assets.xcassets in Resources */ = {isa = PBXBuildFile; fileRef = A1182E232B5D03C700824782 /* Assets.xcassets */; };
		A1182E272B5D03C700824782 /* LaunchScreen.storyboard in Resources */ = {isa = PBXBuildFile; fileRef = A1182E252B5D03C700824782 /* LaunchScreen.storyboard */; };
		A1182E322B5D048900824782 /* LogInViewController.swift in Sources */ = {isa = PBXBuildFile; fileRef = A1182E312B5D048900824782 /* LogInViewController.swift */; };
		A1182E342B5D04F800824782 /* MyContactsViewController.swift in Sources */ = {isa = PBXBuildFile; fileRef = A1182E332B5D04F800824782 /* MyContactsViewController.swift */; };
		A1182E422B5D966400824782 /* SnapKit in Frameworks */ = {isa = PBXBuildFile; productRef = A1182E412B5D966400824782 /* SnapKit */; };
		A168391B2B63F8C2009A916D /* CustomTableViewCell.swift in Sources */ = {isa = PBXBuildFile; fileRef = A168391A2B63F8C2009A916D /* CustomTableViewCell.swift */; };
		A16839202B64FF18009A916D /* ContactList.swift in Sources */ = {isa = PBXBuildFile; fileRef = A168391F2B64FF18009A916D /* ContactList.swift */; };
		A1C7A9172B5E60F9009855FE /* MakerView.swift in Sources */ = {isa = PBXBuildFile; fileRef = A1C7A9162B5E60F9009855FE /* MakerView.swift */; };
		A1C7A91A2B5E623B009855FE /* UIColor.swift in Sources */ = {isa = PBXBuildFile; fileRef = A1C7A9192B5E623B009855FE /* UIColor.swift */; };
/* End PBXBuildFile section */

/* Begin PBXFileReference section */
		A1182E142B5D03C500824782 /* ContactsApp.app */ = {isa = PBXFileReference; explicitFileType = wrapper.application; includeInIndex = 0; path = ContactsApp.app; sourceTree = BUILT_PRODUCTS_DIR; };
		A1182E172B5D03C500824782 /* AppDelegate.swift */ = {isa = PBXFileReference; lastKnownFileType = sourcecode.swift; path = AppDelegate.swift; sourceTree = "<group>"; };
		A1182E192B5D03C500824782 /* SceneDelegate.swift */ = {isa = PBXFileReference; lastKnownFileType = sourcecode.swift; path = SceneDelegate.swift; sourceTree = "<group>"; };
		A1182E212B5D03C500824782 /* ContactsApp.xcdatamodel */ = {isa = PBXFileReference; lastKnownFileType = wrapper.xcdatamodel; path = ContactsApp.xcdatamodel; sourceTree = "<group>"; };
		A1182E232B5D03C700824782 /* Assets.xcassets */ = {isa = PBXFileReference; lastKnownFileType = folder.assetcatalog; path = Assets.xcassets; sourceTree = "<group>"; };
		A1182E262B5D03C700824782 /* Base */ = {isa = PBXFileReference; lastKnownFileType = file.storyboard; name = Base; path = Base.lproj/LaunchScreen.storyboard; sourceTree = "<group>"; };
		A1182E282B5D03C700824782 /* Info.plist */ = {isa = PBXFileReference; lastKnownFileType = text.plist.xml; path = Info.plist; sourceTree = "<group>"; };
		A1182E312B5D048900824782 /* LogInViewController.swift */ = {isa = PBXFileReference; lastKnownFileType = sourcecode.swift; path = LogInViewController.swift; sourceTree = "<group>"; };
		A1182E332B5D04F800824782 /* MyContactsViewController.swift */ = {isa = PBXFileReference; lastKnownFileType = sourcecode.swift; path = MyContactsViewController.swift; sourceTree = "<group>"; };
		A168391A2B63F8C2009A916D /* CustomTableViewCell.swift */ = {isa = PBXFileReference; lastKnownFileType = sourcecode.swift; path = CustomTableViewCell.swift; sourceTree = "<group>"; };
		A168391F2B64FF18009A916D /* ContactList.swift */ = {isa = PBXFileReference; lastKnownFileType = sourcecode.swift; path = ContactList.swift; sourceTree = "<group>"; };
		A1C7A9162B5E60F9009855FE /* MakerView.swift */ = {isa = PBXFileReference; lastKnownFileType = sourcecode.swift; path = MakerView.swift; sourceTree = "<group>"; };
		A1C7A9192B5E623B009855FE /* UIColor.swift */ = {isa = PBXFileReference; lastKnownFileType = sourcecode.swift; path = UIColor.swift; sourceTree = "<group>"; };
/* End PBXFileReference section */

/* Begin PBXFrameworksBuildPhase section */
		A1182E112B5D03C500824782 /* Frameworks */ = {
			isa = PBXFrameworksBuildPhase;
			buildActionMask = 2147483647;
			files = (
				A1182E422B5D966400824782 /* SnapKit in Frameworks */,
			);
			runOnlyForDeploymentPostprocessing = 0;
		};
/* End PBXFrameworksBuildPhase section */

/* Begin PBXGroup section */
		A1182E0B2B5D03C500824782 = {
			isa = PBXGroup;
			children = (
				A1182E162B5D03C500824782 /* ContactsApp */,
				A1182E152B5D03C500824782 /* Products */,
			);
			sourceTree = "<group>";
		};
		A1182E152B5D03C500824782 /* Products */ = {
			isa = PBXGroup;
			children = (
				A1182E142B5D03C500824782 /* ContactsApp.app */,
			);
			name = Products;
			sourceTree = "<group>";
		};
		A1182E162B5D03C500824782 /* ContactsApp */ = {
			isa = PBXGroup;
			children = (
				A168391C2B640FC6009A916D /* model */,
				A1C7A9182B5E621C009855FE /* extensions */,
				A1C7A9152B5E60E4009855FE /* helper */,
				A1182E302B5D044900824782 /* recources */,
				A1182E2F2B5D043D00824782 /* common */,
				A1182E2E2B5D042C00824782 /* delegate */,
				A1182E282B5D03C700824782 /* Info.plist */,
				A1182E202B5D03C500824782 /* ContactsApp.xcdatamodeld */,
			);
			path = ContactsApp;
			sourceTree = "<group>";
		};
		A1182E2E2B5D042C00824782 /* delegate */ = {
			isa = PBXGroup;
			children = (
				A1182E192B5D03C500824782 /* SceneDelegate.swift */,
				A1182E172B5D03C500824782 /* AppDelegate.swift */,
			);
			path = delegate;
			sourceTree = "<group>";
		};
		A1182E2F2B5D043D00824782 /* common */ = {
			isa = PBXGroup;
			children = (
				A1182E312B5D048900824782 /* LogInViewController.swift */,
				A1182E332B5D04F800824782 /* MyContactsViewController.swift */,
			);
			path = common;
			sourceTree = "<group>";
		};
		A1182E302B5D044900824782 /* recources */ = {
			isa = PBXGroup;
			children = (
				A1182E252B5D03C700824782 /* LaunchScreen.storyboard */,
				A1182E232B5D03C700824782 /* Assets.xcassets */,
			);
			path = recources;
			sourceTree = "<group>";
		};
		A168391C2B640FC6009A916D /* model */ = {
			isa = PBXGroup;
			children = (
				A168391F2B64FF18009A916D /* ContactList.swift */,
			);
			path = model;
			sourceTree = "<group>";
		};
		A1C7A9152B5E60E4009855FE /* helper */ = {
			isa = PBXGroup;
			children = (
				A168391A2B63F8C2009A916D /* CustomTableViewCell.swift */,
				A1C7A9162B5E60F9009855FE /* MakerView.swift */,
			);
			path = helper;
			sourceTree = "<group>";
		};
		A1C7A9182B5E621C009855FE /* extensions */ = {
			isa = PBXGroup;
			children = (
				A1C7A9192B5E623B009855FE /* UIColor.swift */,
			);
			path = extensions;
			sourceTree = "<group>";
		};
/* End PBXGroup section */

/* Begin PBXNativeTarget section */
		A1182E132B5D03C500824782 /* ContactsApp */ = {
			isa = PBXNativeTarget;
			buildConfigurationList = A1182E2B2B5D03C700824782 /* Build configuration list for PBXNativeTarget "ContactsApp" */;
			buildPhases = (
				A1182E102B5D03C500824782 /* Sources */,
				A1182E112B5D03C500824782 /* Frameworks */,
				A1182E122B5D03C500824782 /* Resources */,
			);
			buildRules = (
			);
			dependencies = (
			);
			name = ContactsApp;
			packageProductDependencies = (
				A1182E412B5D966400824782 /* SnapKit */,
			);
			productName = ContactsApp;
			productReference = A1182E142B5D03C500824782 /* ContactsApp.app */;
			productType = "com.apple.product-type.application";
		};
/* End PBXNativeTarget section */

/* Begin PBXProject section */
		A1182E0C2B5D03C500824782 /* Project object */ = {
			isa = PBXProject;
			attributes = {
				BuildIndependentTargetsInParallel = 1;
				LastSwiftUpdateCheck = 1520;
				LastUpgradeCheck = 1520;
				TargetAttributes = {
					A1182E132B5D03C500824782 = {
						CreatedOnToolsVersion = 15.2;
					};
				};
			};
			buildConfigurationList = A1182E0F2B5D03C500824782 /* Build configuration list for PBXProject "ContactsApp" */;
			compatibilityVersion = "Xcode 14.0";
			developmentRegion = en;
			hasScannedForEncodings = 0;
			knownRegions = (
				en,
				Base,
			);
			mainGroup = A1182E0B2B5D03C500824782;
			packageReferences = (
				A1182E402B5D966400824782 /* XCRemoteSwiftPackageReference "SnapKit" */,
			);
			productRefGroup = A1182E152B5D03C500824782 /* Products */;
			projectDirPath = "";
			projectRoot = "";
			targets = (
				A1182E132B5D03C500824782 /* ContactsApp */,
			);
		};
/* End PBXProject section */

/* Begin PBXResourcesBuildPhase section */
		A1182E122B5D03C500824782 /* Resources */ = {
			isa = PBXResourcesBuildPhase;
			buildActionMask = 2147483647;
			files = (
				A1182E272B5D03C700824782 /* LaunchScreen.storyboard in Resources */,
				A1182E242B5D03C700824782 /* Assets.xcassets in Resources */,
			);
			runOnlyForDeploymentPostprocessing = 0;
		};
/* End PBXResourcesBuildPhase section */

/* Begin PBXSourcesBuildPhase section */
		A1182E102B5D03C500824782 /* Sources */ = {
			isa = PBXSourcesBuildPhase;
			buildActionMask = 2147483647;
			files = (
				A1182E342B5D04F800824782 /* MyContactsViewController.swift in Sources */,
				A1C7A91A2B5E623B009855FE /* UIColor.swift in Sources */,
				A168391B2B63F8C2009A916D /* CustomTableViewCell.swift in Sources */,
				A16839202B64FF18009A916D /* ContactList.swift in Sources */,
				A1C7A9172B5E60F9009855FE /* MakerView.swift in Sources */,
				A1182E222B5D03C500824782 /* ContactsApp.xcdatamodeld in Sources */,
				A1182E182B5D03C500824782 /* AppDelegate.swift in Sources */,
				A1182E322B5D048900824782 /* LogInViewController.swift in Sources */,
				A1182E1A2B5D03C500824782 /* SceneDelegate.swift in Sources */,
			);
			runOnlyForDeploymentPostprocessing = 0;
		};
/* End PBXSourcesBuildPhase section */

/* Begin PBXVariantGroup section */
		A1182E252B5D03C700824782 /* LaunchScreen.storyboard */ = {
			isa = PBXVariantGroup;
			children = (
				A1182E262B5D03C700824782 /* Base */,
			);
			name = LaunchScreen.storyboard;
			sourceTree = "<group>";
		};
/* End PBXVariantGroup section */

/* Begin XCBuildConfiguration section */
		A1182E292B5D03C700824782 /* Debug */ = {
			isa = XCBuildConfiguration;
			buildSettings = {
				ALWAYS_SEARCH_USER_PATHS = NO;
				ASSETCATALOG_COMPILER_GENERATE_SWIFT_ASSET_SYMBOL_EXTENSIONS = YES;
				CLANG_ANALYZER_NONNULL = YES;
				CLANG_ANALYZER_NUMBER_OBJECT_CONVERSION = YES_AGGRESSIVE;
				CLANG_CXX_LANGUAGE_STANDARD = "gnu++20";
				CLANG_ENABLE_MODULES = YES;
				CLANG_ENABLE_OBJC_ARC = YES;
				CLANG_ENABLE_OBJC_WEAK = YES;
				CLANG_WARN_BLOCK_CAPTURE_AUTORELEASING = YES;
				CLANG_WARN_BOOL_CONVERSION = YES;
				CLANG_WARN_COMMA = YES;
				CLANG_WARN_CONSTANT_CONVERSION = YES;
				CLANG_WARN_DEPRECATED_OBJC_IMPLEMENTATIONS = YES;
				CLANG_WARN_DIRECT_OBJC_ISA_USAGE = YES_ERROR;
				CLANG_WARN_DOCUMENTATION_COMMENTS = YES;
				CLANG_WARN_EMPTY_BODY = YES;
				CLANG_WARN_ENUM_CONVERSION = YES;
				CLANG_WARN_INFINITE_RECURSION = YES;
				CLANG_WARN_INT_CONVERSION = YES;
				CLANG_WARN_NON_LITERAL_NULL_CONVERSION = YES;
				CLANG_WARN_OBJC_IMPLICIT_RETAIN_SELF = YES;
				CLANG_WARN_OBJC_LITERAL_CONVERSION = YES;
				CLANG_WARN_OBJC_ROOT_CLASS = YES_ERROR;
				CLANG_WARN_QUOTED_INCLUDE_IN_FRAMEWORK_HEADER = YES;
				CLANG_WARN_RANGE_LOOP_ANALYSIS = YES;
				CLANG_WARN_STRICT_PROTOTYPES = YES;
				CLANG_WARN_SUSPICIOUS_MOVE = YES;
				CLANG_WARN_UNGUARDED_AVAILABILITY = YES_AGGRESSIVE;
				CLANG_WARN_UNREACHABLE_CODE = YES;
				CLANG_WARN__DUPLICATE_METHOD_MATCH = YES;
				COPY_PHASE_STRIP = NO;
				DEBUG_INFORMATION_FORMAT = dwarf;
				ENABLE_STRICT_OBJC_MSGSEND = YES;
				ENABLE_TESTABILITY = YES;
				ENABLE_USER_SCRIPT_SANDBOXING = YES;
				GCC_C_LANGUAGE_STANDARD = gnu17;
				GCC_DYNAMIC_NO_PIC = NO;
				GCC_NO_COMMON_BLOCKS = YES;
				GCC_OPTIMIZATION_LEVEL = 0;
				GCC_PREPROCESSOR_DEFINITIONS = (
					"DEBUG=1",
					"$(inherited)",
				);
				GCC_WARN_64_TO_32_BIT_CONVERSION = YES;
				GCC_WARN_ABOUT_RETURN_TYPE = YES_ERROR;
				GCC_WARN_UNDECLARED_SELECTOR = YES;
				GCC_WARN_UNINITIALIZED_AUTOS = YES_AGGRESSIVE;
				GCC_WARN_UNUSED_FUNCTION = YES;
				GCC_WARN_UNUSED_VARIABLE = YES;
				IPHONEOS_DEPLOYMENT_TARGET = 17.2;
				LOCALIZATION_PREFERS_STRING_CATALOGS = YES;
				MTL_ENABLE_DEBUG_INFO = INCLUDE_SOURCE;
				MTL_FAST_MATH = YES;
				ONLY_ACTIVE_ARCH = YES;
				SDKROOT = iphoneos;
				SWIFT_ACTIVE_COMPILATION_CONDITIONS = "DEBUG $(inherited)";
				SWIFT_OPTIMIZATION_LEVEL = "-Onone";
			};
			name = Debug;
		};
		A1182E2A2B5D03C700824782 /* Release */ = {
			isa = XCBuildConfiguration;
			buildSettings = {
				ALWAYS_SEARCH_USER_PATHS = NO;
				ASSETCATALOG_COMPILER_GENERATE_SWIFT_ASSET_SYMBOL_EXTENSIONS = YES;
				CLANG_ANALYZER_NONNULL = YES;
				CLANG_ANALYZER_NUMBER_OBJECT_CONVERSION = YES_AGGRESSIVE;
				CLANG_CXX_LANGUAGE_STANDARD = "gnu++20";
				CLANG_ENABLE_MODULES = YES;
				CLANG_ENABLE_OBJC_ARC = YES;
				CLANG_ENABLE_OBJC_WEAK = YES;
				CLANG_WARN_BLOCK_CAPTURE_AUTORELEASING = YES;
				CLANG_WARN_BOOL_CONVERSION = YES;
				CLANG_WARN_COMMA = YES;
				CLANG_WARN_CONSTANT_CONVERSION = YES;
				CLANG_WARN_DEPRECATED_OBJC_IMPLEMENTATIONS = YES;
				CLANG_WARN_DIRECT_OBJC_ISA_USAGE = YES_ERROR;
				CLANG_WARN_DOCUMENTATION_COMMENTS = YES;
				CLANG_WARN_EMPTY_BODY = YES;
				CLANG_WARN_ENUM_CONVERSION = YES;
				CLANG_WARN_INFINITE_RECURSION = YES;
				CLANG_WARN_INT_CONVERSION = YES;
				CLANG_WARN_NON_LITERAL_NULL_CONVERSION = YES;
				CLANG_WARN_OBJC_IMPLICIT_RETAIN_SELF = YES;
				CLANG_WARN_OBJC_LITERAL_CONVERSION = YES;
				CLANG_WARN_OBJC_ROOT_CLASS = YES_ERROR;
				CLANG_WARN_QUOTED_INCLUDE_IN_FRAMEWORK_HEADER = YES;
				CLANG_WARN_RANGE_LOOP_ANALYSIS = YES;
				CLANG_WARN_STRICT_PROTOTYPES = YES;
				CLANG_WARN_SUSPICIOUS_MOVE = YES;
				CLANG_WARN_UNGUARDED_AVAILABILITY = YES_AGGRESSIVE;
				CLANG_WARN_UNREACHABLE_CODE = YES;
				CLANG_WARN__DUPLICATE_METHOD_MATCH = YES;
				COPY_PHASE_STRIP = NO;
				DEBUG_INFORMATION_FORMAT = "dwarf-with-dsym";
				ENABLE_NS_ASSERTIONS = NO;
				ENABLE_STRICT_OBJC_MSGSEND = YES;
				ENABLE_USER_SCRIPT_SANDBOXING = YES;
				GCC_C_LANGUAGE_STANDARD = gnu17;
				GCC_NO_COMMON_BLOCKS = YES;
				GCC_WARN_64_TO_32_BIT_CONVERSION = YES;
				GCC_WARN_ABOUT_RETURN_TYPE = YES_ERROR;
				GCC_WARN_UNDECLARED_SELECTOR = YES;
				GCC_WARN_UNINITIALIZED_AUTOS = YES_AGGRESSIVE;
				GCC_WARN_UNUSED_FUNCTION = YES;
				GCC_WARN_UNUSED_VARIABLE = YES;
				IPHONEOS_DEPLOYMENT_TARGET = 17.2;
				LOCALIZATION_PREFERS_STRING_CATALOGS = YES;
				MTL_ENABLE_DEBUG_INFO = NO;
				MTL_FAST_MATH = YES;
				SDKROOT = iphoneos;
				SWIFT_COMPILATION_MODE = wholemodule;
				VALIDATE_PRODUCT = YES;
			};
			name = Release;
		};
		A1182E2C2B5D03C700824782 /* Debug */ = {
			isa = XCBuildConfiguration;
			buildSettings = {
				ASSETCATALOG_COMPILER_APPICON_NAME = AppIcon;
				ASSETCATALOG_COMPILER_GLOBAL_ACCENT_COLOR_NAME = AccentColor;
				CODE_SIGN_STYLE = Automatic;
				CURRENT_PROJECT_VERSION = 1;
				DEVELOPMENT_TEAM = LH7FMGZ75D;
				GENERATE_INFOPLIST_FILE = YES;
				INFOPLIST_FILE = ContactsApp/Info.plist;
				INFOPLIST_KEY_UIApplicationSupportsIndirectInputEvents = YES;
				INFOPLIST_KEY_UILaunchStoryboardName = LaunchScreen;
				INFOPLIST_KEY_UISupportedInterfaceOrientations_iPad = "UIInterfaceOrientationPortrait UIInterfaceOrientationPortraitUpsideDown UIInterfaceOrientationLandscapeLeft UIInterfaceOrientationLandscapeRight";
				INFOPLIST_KEY_UISupportedInterfaceOrientations_iPhone = "UIInterfaceOrientationPortrait UIInterfaceOrientationLandscapeLeft UIInterfaceOrientationLandscapeRight";
				LD_RUNPATH_SEARCH_PATHS = (
					"$(inherited)",
					"@executable_path/Frameworks",
				);
				MARKETING_VERSION = 1.0;
				PRODUCT_BUNDLE_IDENTIFIER = com.aruu.ContactsApp;
				PRODUCT_NAME = "$(TARGET_NAME)";
				SWIFT_EMIT_LOC_STRINGS = YES;
				SWIFT_VERSION = 5.0;
				TARGETED_DEVICE_FAMILY = "1,2";
			};
			name = Debug;
		};
		A1182E2D2B5D03C700824782 /* Release */ = {
			isa = XCBuildConfiguration;
			buildSettings = {
				ASSETCATALOG_COMPILER_APPICON_NAME = AppIcon;
				ASSETCATALOG_COMPILER_GLOBAL_ACCENT_COLOR_NAME = AccentColor;
				CODE_SIGN_STYLE = Automatic;
				CURRENT_PROJECT_VERSION = 1;
				DEVELOPMENT_TEAM = LH7FMGZ75D;
				GENERATE_INFOPLIST_FILE = YES;
				INFOPLIST_FILE = ContactsApp/Info.plist;
				INFOPLIST_KEY_UIApplicationSupportsIndirectInputEvents = YES;
				INFOPLIST_KEY_UILaunchStoryboardName = LaunchScreen;
				INFOPLIST_KEY_UISupportedInterfaceOrientations_iPad = "UIInterfaceOrientationPortrait UIInterfaceOrientationPortraitUpsideDown UIInterfaceOrientationLandscapeLeft UIInterfaceOrientationLandscapeRight";
				INFOPLIST_KEY_UISupportedInterfaceOrientations_iPhone = "UIInterfaceOrientationPortrait UIInterfaceOrientationLandscapeLeft UIInterfaceOrientationLandscapeRight";
				LD_RUNPATH_SEARCH_PATHS = (
					"$(inherited)",
					"@executable_path/Frameworks",
				);
				MARKETING_VERSION = 1.0;
				PRODUCT_BUNDLE_IDENTIFIER = com.aruu.ContactsApp;
				PRODUCT_NAME = "$(TARGET_NAME)";
				SWIFT_EMIT_LOC_STRINGS = YES;
				SWIFT_VERSION = 5.0;
				TARGETED_DEVICE_FAMILY = "1,2";
			};
			name = Release;
		};
/* End XCBuildConfiguration section */

/* Begin XCConfigurationList section */
		A1182E0F2B5D03C500824782 /* Build configuration list for PBXProject "ContactsApp" */ = {
			isa = XCConfigurationList;
			buildConfigurations = (
				A1182E292B5D03C700824782 /* Debug */,
				A1182E2A2B5D03C700824782 /* Release */,
			);
			defaultConfigurationIsVisible = 0;
			defaultConfigurationName = Release;
		};
		A1182E2B2B5D03C700824782 /* Build configuration list for PBXNativeTarget "ContactsApp" */ = {
			isa = XCConfigurationList;
			buildConfigurations = (
				A1182E2C2B5D03C700824782 /* Debug */,
				A1182E2D2B5D03C700824782 /* Release */,
			);
			defaultConfigurationIsVisible = 0;
			defaultConfigurationName = Release;
		};
/* End XCConfigurationList section */

/* Begin XCRemoteSwiftPackageReference section */
		A1182E402B5D966400824782 /* XCRemoteSwiftPackageReference "SnapKit" */ = {
			isa = XCRemoteSwiftPackageReference;
			repositoryURL = "https://github.com/SnapKit/SnapKit.git";
			requirement = {
				kind = upToNextMajorVersion;
				minimumVersion = 5.7.0;
			};
		};
/* End XCRemoteSwiftPackageReference section */

/* Begin XCSwiftPackageProductDependency section */
		A1182E412B5D966400824782 /* SnapKit */ = {
			isa = XCSwiftPackageProductDependency;
			package = A1182E402B5D966400824782 /* XCRemoteSwiftPackageReference "SnapKit" */;
			productName = SnapKit;
		};
/* End XCSwiftPackageProductDependency section */

/* Begin XCVersionGroup section */
		A1182E202B5D03C500824782 /* ContactsApp.xcdatamodeld */ = {
			isa = XCVersionGroup;
			children = (
				A1182E212B5D03C500824782 /* ContactsApp.xcdatamodel */,
			);
			currentVersion = A1182E212B5D03C500824782 /* ContactsApp.xcdatamodel */;
			path = ContactsApp.xcdatamodeld;
			sourceTree = "<group>";
			versionGroupType = wrapper.xcdatamodel;
		};
/* End XCVersionGroup section */
	};
	rootObject = A1182E0C2B5D03C500824782 /* Project object */;
}
